{
  "name": "weixin",
  "version": "1.0.0",
  "lockfileVersion": 1,
  "requires": true,
  "dependencies": {
    "accepts": {
      "version": "https://registry.npmjs.org/accepts/-/accepts-1.2.13.tgz",
      "integrity": "sha1-5fHzkoxtlf2WVYw27D2dDeSm7Oo=",
      "requires": {
        "mime-types": "https://registry.npm.taobao.org/mime-types/download/mime-types-2.1.10.tgz",
        "negotiator": "https://registry.npmjs.org/negotiator/-/negotiator-0.5.3.tgz"
      }
    },
    "ansi-regex": {
      "version": "https://registry.npmjs.org/ansi-regex/-/ansi-regex-2.0.0.tgz",
      "integrity": "sha1-xQYbbg74qBd15Q9dZhUb9r83EQc="
    },
    "ansi-styles": {
      "version": "https://registry.npm.taobao.org/ansi-styles/download/ansi-styles-2.2.1.tgz",
      "integrity": "sha1-tDLdM1i2NM914eRmQ2gkBTPB3b4="
    },
    "asn1": {
      "version": "https://registry.npm.taobao.org/asn1/download/asn1-0.2.3.tgz",
      "integrity": "sha1-2sh4dxPJlmhJ/IGAd36+nB3fO4Y="
    },
    "assert-plus": {
      "version": "https://registry.npm.taobao.org/assert-plus/download/assert-plus-0.2.0.tgz",
      "integrity": "sha1-104bh+ev/A24qttwIfP+SBAasjQ="
    },
    "async": {
      "version": "https://registry.npm.taobao.org/async/download/async-1.5.2.tgz",
      "integrity": "sha1-7GphrlZIDAw8skHJVhjiCJL5Zyo="
    },
    "avoscloud-sdk": {
      "version": "https://registry.npm.taobao.org/avoscloud-sdk/download/avoscloud-sdk-0.6.10.tgz",
      "integrity": "sha1-voIU5DinaSifBso9nPl6K/jT/T0=",
      "requires": {
        "localStorage": "https://registry.npm.taobao.org/localStorage/download/localStorage-1.0.3.tgz",
        "localstorage-memory": "https://registry.npm.taobao.org/localstorage-memory/download/localstorage-memory-1.0.2.tgz",
        "qiniu": "https://registry.npm.taobao.org/qiniu/download/qiniu-6.1.3.tgz",
        "underscore": "https://registry.npmjs.org/underscore/-/underscore-1.8.3.tgz",
        "xmlhttprequest": "https://registry.npm.taobao.org/xmlhttprequest/download/xmlhttprequest-1.6.0.tgz"
      }
    },
    "aws-sign2": {
      "version": "https://registry.npmjs.org/aws-sign2/-/aws-sign2-0.6.0.tgz",
      "integrity": "sha1-FDQt0428yU0OW4fXY81jYSwOeU8="
    },
    "aws4": {
      "version": "https://registry.npm.taobao.org/aws4/download/aws4-1.3.2.tgz",
      "integrity": "sha1-054L7kEs7Q6O2Uoj4xTzE6lbn9E=",
      "requires": {
        "lru-cache": "https://registry.npm.taobao.org/lru-cache/download/lru-cache-4.0.1.tgz"
      }
    },
    "bl": {
      "version": "https://registry.npm.taobao.org/bl/download/bl-1.1.2.tgz",
      "integrity": "sha1-/cqHGplxOqANGeO7ukHER4emU5g=",
      "requires": {
        "readable-stream": "https://registry.npm.taobao.org/readable-stream/download/readable-stream-2.0.6.tgz"
      }
    },
    "body-parser": {
      "version": "https://registry.npm.taobao.org/body-parser/download/body-parser-1.12.3.tgz",
      "integrity": "sha1-X0C/F+eCO+aJXU01WCdS42z5f3E=",
      "requires": {
        "bytes": "https://registry.npmjs.org/bytes/-/bytes-1.0.0.tgz",
        "content-type": "https://registry.npmjs.org/content-type/-/content-type-1.0.1.tgz",
        "debug": "https://registry.npmjs.org/debug/-/debug-2.1.3.tgz",
        "depd": "https://registry.npmjs.org/depd/-/depd-1.0.1.tgz",
        "iconv-lite": "https://registry.npmjs.org/iconv-lite/-/iconv-lite-0.4.8.tgz",
        "on-finished": "https://registry.npm.taobao.org/on-finished/download/on-finished-2.2.1.tgz",
        "qs": "https://registry.npmjs.org/qs/-/qs-2.4.1.tgz",
        "raw-body": "https://registry.npm.taobao.org/raw-body/download/raw-body-1.3.4.tgz",
        "type-is": "https://registry.npm.taobao.org/type-is/download/type-is-1.6.12.tgz"
      }
    },
    "boom": {
      "version": "https://registry.npmjs.org/boom/-/boom-2.10.1.tgz",
      "integrity": "sha1-OciRjO/1eZ+D+UkqhI9iWt0Mdm8=",
      "requires": {
        "hoek": "https://registry.npmjs.org/hoek/-/hoek-2.16.3.tgz"
      }
    },
    "buffer-concat": {
      "version": "https://registry.npm.taobao.org/buffer-concat/download/buffer-concat-0.0.1.tgz",
      "integrity": "sha1-Q+Hjx389IvtVvqaJCpLQN3jEwQo="
    },
    "bytes": {
      "version": "https://registry.npmjs.org/bytes/-/bytes-1.0.0.tgz",
      "integrity": "sha1-NWnt6Lo0MV+rmcPpLLBMciDeH6g="
    },
    "caseless": {
      "version": "https://registry.npmjs.org/caseless/-/caseless-0.11.0.tgz",
      "integrity": "sha1-cVuW6phBWTzDMGeSP17GDr2k99c="
    },
    "chalk": {
      "version": "https://registry.npm.taobao.org/chalk/download/chalk-1.1.3.tgz",
      "integrity": "sha1-qBFcVeSnAv5NFQq9OHKCKn4J/Jg=",
      "requires": {
        "ansi-styles": "https://registry.npm.taobao.org/ansi-styles/download/ansi-styles-2.2.1.tgz",
        "escape-string-regexp": "https://registry.npm.taobao.org/escape-string-regexp/download/escape-string-regexp-1.0.5.tgz",
        "has-ansi": "https://registry.npmjs.org/has-ansi/-/has-ansi-2.0.0.tgz",
        "strip-ansi": "https://registry.npm.taobao.org/strip-ansi/download/strip-ansi-3.0.1.tgz",
        "supports-color": "https://registry.npmjs.org/supports-color/-/supports-color-2.0.0.tgz"
      }
    },
    "charenc": {
      "version": "https://registry.npmjs.org/charenc/-/charenc-0.0.1.tgz",
      "integrity": "sha1-AEz/n+rxAjgu0S21jdb5Ynltbog=",
      "dev": true
    },
    "combined-stream": {
      "version": "https://registry.npmjs.org/combined-stream/-/combined-stream-1.0.5.tgz",
      "integrity": "sha1-k4NwpXtKUd6ix3wV1cX9+JUWQAk=",
      "requires": {
        "delayed-stream": "https://registry.npmjs.org/delayed-stream/-/delayed-stream-1.0.0.tgz"
      }
    },
    "commander": {
      "version": "https://registry.npmjs.org/commander/-/commander-2.9.0.tgz",
      "integrity": "sha1-nJkJQXbhIkDLItbFFGCYQA/g99Q=",
      "requires": {
        "graceful-readlink": "https://registry.npmjs.org/graceful-readlink/-/graceful-readlink-1.0.1.tgz"
      }
    },
    "connect": {
      "version": "https://registry.npm.taobao.org/connect/download/connect-3.2.0.tgz",
      "integrity": "sha1-GE9RVF602aogZFBLZ/wG92yiHAg=",
      "requires": {
        "debug": "https://registry.npmjs.org/debug/-/debug-2.0.0.tgz",
        "finalhandler": "https://registry.npmjs.org/finalhandler/-/finalhandler-0.2.0.tgz",
        "parseurl": "https://registry.npm.taobao.org/parseurl/download/parseurl-1.3.1.tgz",
        "utils-merge": "https://registry.npmjs.org/utils-merge/-/utils-merge-1.0.0.tgz"
      },
      "dependencies": {
        "debug": {
          "version": "https://registry.npmjs.org/debug/-/debug-2.0.0.tgz",
          "integrity": "sha1-ib2d9nMrUSVrxnBTQrugLtEhMe8=",
          "requires": {
            "ms": "https://registry.npmjs.org/ms/-/ms-0.6.2.tgz"
          }
        },
        "finalhandler": {
          "version": "https://registry.npmjs.org/finalhandler/-/finalhandler-0.2.0.tgz",
          "integrity": "sha1-eUCCQksX9qSyoO2jn522lI7kvo0=",
          "requires": {
            "debug": "https://registry.npmjs.org/debug/-/debug-2.0.0.tgz",
            "escape-html": "https://registry.npmjs.org/escape-html/-/escape-html-1.0.1.tgz"
          }
        },
        "ms": {
          "version": "https://registry.npmjs.org/ms/-/ms-0.6.2.tgz",
          "integrity": "sha1-2JwhJMb9wTU9Zai3e/GqxLGTcIw="
        }
      }
    },
    "connect-timeout": {
      "version": "https://registry.npm.taobao.org/connect-timeout/download/connect-timeout-1.7.0.tgz",
      "integrity": "sha1-MZ2qq7ZWj4KB8SsDDAdkY3SY0Fo=",
      "requires": {
        "debug": "https://registry.npmjs.org/debug/-/debug-2.2.0.tgz",
        "http-errors": "https://registry.npmjs.org/http-errors/-/http-errors-1.3.1.tgz",
        "ms": "https://registry.npmjs.org/ms/-/ms-0.7.1.tgz",
        "on-finished": "https://registry.npmjs.org/on-finished/-/on-finished-2.3.0.tgz",
        "on-headers": "https://registry.npmjs.org/on-headers/-/on-headers-1.0.0.tgz"
      },
      "dependencies": {
        "debug": {
          "version": "https://registry.npmjs.org/debug/-/debug-2.2.0.tgz",
          "integrity": "sha1-+HBX6ZWxofauaklgZkE3vFbwOdo=",
          "requires": {
            "ms": "https://registry.npmjs.org/ms/-/ms-0.7.1.tgz"
          }
        },
        "ee-first": {
          "version": "https://registry.npmjs.org/ee-first/-/ee-first-1.1.1.tgz",
          "integrity": "sha1-WQxhFWsK4vTwJVcyoViyZrxWsh0="
        },
        "ms": {
          "version": "https://registry.npmjs.org/ms/-/ms-0.7.1.tgz",
          "integrity": "sha1-nNE8A62/8ltl7/3nzoZO6VIBcJg="
        },
        "on-finished": {
          "version": "https://registry.npmjs.org/on-finished/-/on-finished-2.3.0.tgz",
          "integrity": "sha1-IPEzZIGwg811M3mSoWlxqi2QaUc=",
          "requires": {
            "ee-first": "https://registry.npmjs.org/ee-first/-/ee-first-1.1.1.tgz"
          }
        }
      }
    },
    "content-disposition": {
      "version": "https://registry.npmjs.org/content-disposition/-/content-disposition-0.5.0.tgz",
      "integrity": "sha1-QoT+auBjCHRjnkToCkGMKTQTXp4="
    },
    "content-type": {
      "version": "https://registry.npmjs.org/content-type/-/content-type-1.0.1.tgz",
      "integrity": "sha1-oZ0iRzJ9wDgFDOYit6FU7FnF5gA="
    },
    "cookie": {
      "version": "https://registry.npm.taobao.org/cookie/download/cookie-0.2.3.tgz",
      "integrity": "sha1-GllTavaFN6IReKATRvh8sFnSrlw="
    },
    "cookie-parser": {
      "version": "https://registry.npm.taobao.org/cookie-parser/download/cookie-parser-1.4.1.tgz",
      "integrity": "sha1-aw7mqN7CegY69C0YilkswdcrpPQ=",
      "requires": {
        "cookie": "https://registry.npm.taobao.org/cookie/download/cookie-0.2.3.tgz",
        "cookie-signature": "https://registry.npmjs.org/cookie-signature/-/cookie-signature-1.0.6.tgz"
      }
    },
    "cookie-signature": {
      "version": "https://registry.npmjs.org/cookie-signature/-/cookie-signature-1.0.6.tgz",
      "integrity": "sha1-4wOogrNCzD7oylE6eZmXNNqzriw="
    },
    "cookies": {
      "version": "https://registry.npm.taobao.org/cookies/download/cookies-0.5.0.tgz",
      "integrity": "sha1-FkysRqHTyjs7h0J0FMJJMdg4ECU=",
      "requires": {
        "keygrip": "https://registry.npm.taobao.org/keygrip/download/keygrip-1.0.1.tgz"
      }
    },
    "core-util-is": {
      "version": "https://registry.npm.taobao.org/core-util-is/download/core-util-is-1.0.2.tgz",
      "integrity": "sha1-tf1UIgqivFq1eqtxQMlAdUUDwac="
    },
    "crc": {
      "version": "https://registry.npmjs.org/crc/-/crc-3.2.1.tgz",
      "integrity": "sha1-XZyPt3okXNXsopHl0tAFM0urAII="
    },
    "crc32": {
      "version": "https://registry.npm.taobao.org/crc32/download/crc32-0.2.2.tgz",
      "integrity": "sha1-etIg1v/c0Rn5/BJ6d3LKzqOQpLo="
    },
    "crypt": {
      "version": "https://registry.npmjs.org/crypt/-/crypt-0.0.1.tgz",
      "integrity": "sha1-XxGyGmwF7xteeXCDZtpjdOzh5qI=",
      "dev": true
    },
    "cryptiles": {
      "version": "https://registry.npmjs.org/cryptiles/-/cryptiles-2.0.5.tgz",
      "integrity": "sha1-O9/s3GCBR8HGcgL6KR59ylnqo7g=",
      "requires": {
        "boom": "https://registry.npmjs.org/boom/-/boom-2.10.1.tgz"
      }
    },
    "dashdash": {
      "version": "https://registry.npm.taobao.org/dashdash/download/dashdash-1.13.0.tgz",
      "integrity": "sha1-parm/Z2OFWYk6w3ZJZ6xK6JFOFo=",
      "requires": {
        "assert-plus": "https://registry.npm.taobao.org/assert-plus/download/assert-plus-1.0.0.tgz"
      },
      "dependencies": {
        "assert-plus": {
          "version": "https://registry.npm.taobao.org/assert-plus/download/assert-plus-1.0.0.tgz",
          "integrity": "sha1-8S4PPF13sLHN2RRpQuTpbB5N1SU="
        }
      }
    },
    "debug": {
      "version": "https://registry.npmjs.org/debug/-/debug-2.1.3.tgz",
      "integrity": "sha1-zoqxte6PvuK/o7Yzyrk9NmtjQY4=",
      "requires": {
        "ms": "https://registry.npmjs.org/ms/-/ms-0.7.0.tgz"
      }
    },
    "delayed-stream": {
      "version": "https://registry.npmjs.org/delayed-stream/-/delayed-stream-1.0.0.tgz",
      "integrity": "sha1-3zrhmayt+31ECqrgsp4icrJOxhk="
    },
    "depd": {
      "version": "https://registry.npmjs.org/depd/-/depd-1.0.1.tgz",
      "integrity": "sha1-gK7GTJ1tl+ZcwqnKqTwKpqv3Oqo="
    },
    "destroy": {
      "version": "https://registry.npmjs.org/destroy/-/destroy-1.0.3.tgz",
      "integrity": "sha1-tDO0ck5x/YVR2YhRdIUcX8N34sk="
    },
    "ecc-jsbn": {
      "version": "https://registry.npm.taobao.org/ecc-jsbn/download/ecc-jsbn-0.1.1.tgz",
      "integrity": "sha1-D8c6ntXw1Tw4GTOYUj735UN3dQU=",
      "optional": true,
      "requires": {
        "jsbn": "https://registry.npm.taobao.org/jsbn/download/jsbn-0.1.0.tgz"
      }
    },
    "ee-first": {
      "version": "https://registry.npmjs.org/ee-first/-/ee-first-1.1.0.tgz",
      "integrity": "sha1-ag18YiHkkP7v2S7D9EHJzozQl/Q="
    },
    "ejs": {
      "version": "https://registry.npm.taobao.org/ejs/download/ejs-2.3.1.tgz",
      "integrity": "sha1-ppfZisQB4yqZw97tksYMGbYZmn8="
    },
    "escape-html": {
      "version": "https://registry.npmjs.org/escape-html/-/escape-html-1.0.1.tgz",
      "integrity": "sha1-GBoobq05ejmpKFfPsdQwUuNWv/A="
    },
    "escape-string-regexp": {
      "version": "https://registry.npm.taobao.org/escape-string-regexp/download/escape-string-regexp-1.0.5.tgz",
      "integrity": "sha1-G2HAViGQqN/2rjuyzwIAyhMLhtQ="
    },
    "etag": {
      "version": "https://registry.npmjs.org/etag/-/etag-1.5.1.tgz",
      "integrity": "sha1-VMUN4E7kJpVWKSWsVmWIKRvn6eo=",
      "requires": {
        "crc": "https://registry.npmjs.org/crc/-/crc-3.2.1.tgz"
      }
    },
    "express": {
      "version": "https://registry.npmjs.org/express/-/express-4.12.3.tgz",
      "integrity": "sha1-a52UrsWuAycNhtOQwneoxaWtDuI=",
      "requires": {
        "accepts": "https://registry.npmjs.org/accepts/-/accepts-1.2.13.tgz",
        "content-disposition": "https://registry.npmjs.org/content-disposition/-/content-disposition-0.5.0.tgz",
        "content-type": "https://registry.npmjs.org/content-type/-/content-type-1.0.1.tgz",
        "cookie": "https://registry.npmjs.org/cookie/-/cookie-0.1.2.tgz",
        "cookie-signature": "https://registry.npmjs.org/cookie-signature/-/cookie-signature-1.0.6.tgz",
        "debug": "https://registry.npmjs.org/debug/-/debug-2.1.3.tgz",
        "depd": "https://registry.npmjs.org/depd/-/depd-1.0.1.tgz",
        "escape-html": "https://registry.npmjs.org/escape-html/-/escape-html-1.0.1.tgz",
        "etag": "https://registry.npmjs.org/etag/-/etag-1.5.1.tgz",
        "finalhandler": "https://registry.npmjs.org/finalhandler/-/finalhandler-0.3.4.tgz",
        "fresh": "https://registry.npmjs.org/fresh/-/fresh-0.2.4.tgz",
        "merge-descriptors": "https://registry.npmjs.org/merge-descriptors/-/merge-descriptors-1.0.0.tgz",
        "methods": "https://registry.npm.taobao.org/methods/download/methods-1.1.2.tgz",
        "on-finished": "https://registry.npm.taobao.org/on-finished/download/on-finished-2.2.1.tgz",
        "parseurl": "https://registry.npm.taobao.org/parseurl/download/parseurl-1.3.1.tgz",
        "path-to-regexp": "https://registry.npmjs.org/path-to-regexp/-/path-to-regexp-0.1.3.tgz",
        "proxy-addr": "https://registry.npm.taobao.org/proxy-addr/download/proxy-addr-1.0.10.tgz",
        "qs": "https://registry.npmjs.org/qs/-/qs-2.4.1.tgz",
        "range-parser": "https://registry.npmjs.org/range-parser/-/range-parser-1.0.3.tgz",
        "send": "https://registry.npmjs.org/send/-/send-0.12.2.tgz",
        "serve-static": "https://registry.npm.taobao.org/serve-static/download/serve-static-1.9.3.tgz",
        "type-is": "https://registry.npm.taobao.org/type-is/download/type-is-1.6.12.tgz",
        "utils-merge": "https://registry.npmjs.org/utils-merge/-/utils-merge-1.0.0.tgz",
        "vary": "https://registry.npmjs.org/vary/-/vary-1.0.1.tgz"
      },
      "dependencies": {
        "cookie": {
          "version": "https://registry.npmjs.org/cookie/-/cookie-0.1.2.tgz",
          "integrity": "sha1-cv7D0k5Io0Mgc9kMEmQgBQYQBLE="
        }
      }
    },
    "extend": {
      "version": "https://registry.npmjs.org/extend/-/extend-3.0.0.tgz",
      "integrity": "sha1-WkdDU7nzNT3dgXbf03uRyDpG8dQ="
    },
    "extsprintf": {
      "version": "https://registry.npm.taobao.org/extsprintf/download/extsprintf-1.0.2.tgz",
      "integrity": "sha1-4QgOBljjALBilJkMxw4VAiNf1VA="
    },
    "finalhandler": {
      "version": "https://registry.npmjs.org/finalhandler/-/finalhandler-0.3.4.tgz",
      "integrity": "sha1-R4fTVz0HmuiwdTbyawuRHrryoqw=",
      "requires": {
        "debug": "https://registry.npmjs.org/debug/-/debug-2.1.3.tgz",
        "escape-html": "https://registry.npmjs.org/escape-html/-/escape-html-1.0.1.tgz",
        "on-finished": "https://registry.npm.taobao.org/on-finished/download/on-finished-2.2.1.tgz"
      }
    },
    "forever-agent": {
      "version": "https://registry.npmjs.org/forever-agent/-/forever-agent-0.6.1.tgz",
      "integrity": "sha1-+8cfDEGt6zf5bFd60e1C2P2sypE="
    },
    "form-data": {
      "version": "https://registry.npm.taobao.org/form-data/download/form-data-1.0.0-rc4.tgz",
      "integrity": "sha1-BaxrwiIntD5EYfSIFhVUaZ1Pi14=",
      "requires": {
        "async": "https://registry.npm.taobao.org/async/download/async-1.5.2.tgz",
        "combined-stream": "https://registry.npmjs.org/combined-stream/-/combined-stream-1.0.5.tgz",
        "mime-types": "https://registry.npm.taobao.org/mime-types/download/mime-types-2.1.10.tgz"
      }
    },
    "formstream": {
      "version": "1.1.0",
      "resolved": "https://registry.npmjs.org/formstream/-/formstream-1.1.0.tgz",
      "integrity": "sha1-UfOXDyYTbrCtRDBN5M67UCB7RHk=",
      "dev": true,
      "requires": {
        "destroy": "1.0.4",
        "mime": "https://registry.npmjs.org/mime/-/mime-1.3.4.tgz",
        "pause-stream": "0.0.11"
      },
      "dependencies": {
        "destroy": {
          "version": "1.0.4",
          "resolved": "https://registry.npmjs.org/destroy/-/destroy-1.0.4.tgz",
          "integrity": "sha1-l4hXRCxEdJ5CBmE+N5RiBYJqvYA=",
          "dev": true
        }
      }
    },
    "forwarded": {
      "version": "https://registry.npmjs.org/forwarded/-/forwarded-0.1.0.tgz",
      "integrity": "sha1-Ge+YdMSuHCl7zweP3mOgm2aoQ2M="
    },
    "fresh": {
      "version": "https://registry.npmjs.org/fresh/-/fresh-0.2.4.tgz",
      "integrity": "sha1-NYJJkgbJcjcUGQ7ddLRgT+tKYUw="
    },
    "generate-function": {
      "version": "https://registry.npmjs.org/generate-function/-/generate-function-2.0.0.tgz",
      "integrity": "sha1-aFj+fAlpt9TpCTM3ZHrHn2DfvnQ="
    },
    "generate-object-property": {
      "version": "https://registry.npmjs.org/generate-object-property/-/generate-object-property-1.2.0.tgz",
      "integrity": "sha1-nA4cQDCM6AT0eDYYuTf6iPmdUNA=",
      "requires": {
        "is-property": "https://registry.npmjs.org/is-property/-/is-property-1.0.2.tgz"
      }
    },
    "graceful-readlink": {
      "version": "https://registry.npmjs.org/graceful-readlink/-/graceful-readlink-1.0.1.tgz",
      "integrity": "sha1-TK+tdrxi8C+gObL5Tpo906ORpyU="
    },
    "har-validator": {
      "version": "https://registry.npm.taobao.org/har-validator/download/har-validator-2.0.6.tgz",
      "integrity": "sha1-zcvAgYgmWtEZtqWnyKtw7s+10n0=",
      "requires": {
        "chalk": "https://registry.npm.taobao.org/chalk/download/chalk-1.1.3.tgz",
        "commander": "https://registry.npmjs.org/commander/-/commander-2.9.0.tgz",
        "is-my-json-valid": "https://registry.npm.taobao.org/is-my-json-valid/download/is-my-json-valid-2.13.1.tgz",
        "pinkie-promise": "https://registry.npm.taobao.org/pinkie-promise/download/pinkie-promise-2.0.1.tgz"
      }
    },
    "has-ansi": {
      "version": "https://registry.npmjs.org/has-ansi/-/has-ansi-2.0.0.tgz",
      "integrity": "sha1-NPUEnOHs3ysGSa8+8k5F7TVBbZE=",
      "requires": {
        "ansi-regex": "https://registry.npmjs.org/ansi-regex/-/ansi-regex-2.0.0.tgz"
      }
    },
    "hawk": {
      "version": "https://registry.npm.taobao.org/hawk/download/hawk-3.1.3.tgz",
      "integrity": "sha1-B4REvXwWQLD+VA0sm3PVlnjo4cQ=",
      "requires": {
        "boom": "https://registry.npmjs.org/boom/-/boom-2.10.1.tgz",
        "cryptiles": "https://registry.npmjs.org/cryptiles/-/cryptiles-2.0.5.tgz",
        "hoek": "https://registry.npmjs.org/hoek/-/hoek-2.16.3.tgz",
        "sntp": "https://registry.npmjs.org/sntp/-/sntp-1.0.9.tgz"
      }
    },
    "hoek": {
      "version": "https://registry.npmjs.org/hoek/-/hoek-2.16.3.tgz",
      "integrity": "sha1-ILt0A9POo5jpHcRxCo/xuCdKJe0="
    },
    "http-errors": {
      "version": "https://registry.npmjs.org/http-errors/-/http-errors-1.3.1.tgz",
      "integrity": "sha1-GX4izevUGYWF6GlO9nhhl7ke2UI=",
      "requires": {
        "inherits": "https://registry.npmjs.org/inherits/-/inherits-2.0.1.tgz",
        "statuses": "https://registry.npmjs.org/statuses/-/statuses-1.2.1.tgz"
      }
    },
    "http-signature": {
      "version": "https://registry.npm.taobao.org/http-signature/download/http-signature-1.1.1.tgz",
      "integrity": "sha1-33LiZwZs0Kxn+3at+OE0qPvPkb8=",
      "requires": {
        "assert-plus": "https://registry.npm.taobao.org/assert-plus/download/assert-plus-0.2.0.tgz",
        "jsprim": "https://registry.npm.taobao.org/jsprim/download/jsprim-1.2.2.tgz",
        "sshpk": "https://registry.npm.taobao.org/sshpk/download/sshpk-1.7.4.tgz"
      }
    },
    "iconv-lite": {
      "version": "https://registry.npmjs.org/iconv-lite/-/iconv-lite-0.4.8.tgz",
      "integrity": "sha1-xgGadZXyzvynAuq2lKAQvNkpjSA="
    },
    "inherits": {
      "version": "https://registry.npmjs.org/inherits/-/inherits-2.0.1.tgz",
      "integrity": "sha1-sX0I0ya0Qj5Wjv9xn5GwscvfafE="
    },
    "ipaddr.js": {
      "version": "https://registry.npm.taobao.org/ipaddr.js/download/ipaddr.js-1.0.5.tgz",
      "integrity": "sha1-X6eM8wG4JceKvDBC2BJyMEnqI8c="
    },
    "is-my-json-valid": {
      "version": "https://registry.npm.taobao.org/is-my-json-valid/download/is-my-json-valid-2.13.1.tgz",
      "integrity": "sha1-1Vd4qC/rawlj/0vhEdXRaE6JBwc=",
      "requires": {
        "generate-function": "https://registry.npmjs.org/generate-function/-/generate-function-2.0.0.tgz",
        "generate-object-property": "https://registry.npmjs.org/generate-object-property/-/generate-object-property-1.2.0.tgz",
        "jsonpointer": "https://registry.npmjs.org/jsonpointer/-/jsonpointer-2.0.0.tgz",
        "xtend": "https://registry.npmjs.org/xtend/-/xtend-4.0.1.tgz"
      }
    },
    "is-property": {
      "version": "https://registry.npmjs.org/is-property/-/is-property-1.0.2.tgz",
      "integrity": "sha1-V/4cTkhHTt1lsJkR8msc1Ald2oQ="
    },
    "is-typedarray": {
      "version": "https://registry.npm.taobao.org/is-typedarray/download/is-typedarray-1.0.0.tgz",
      "integrity": "sha1-5HnICFjfDBsR3dppQPlgEfzaSpo="
    },
    "isarray": {
      "version": "https://registry.npm.taobao.org/isarray/download/isarray-1.0.0.tgz",
      "integrity": "sha1-u5NdSFgsuhaMBoNJV6VKPgcSTxE="
    },
    "isstream": {
      "version": "https://registry.npmjs.org/isstream/-/isstream-0.1.2.tgz",
      "integrity": "sha1-R+Y/evVa+m+S4VAOaQ64uFKcCZo="
    },
    "jodid25519": {
      "version": "https://registry.npm.taobao.org/jodid25519/download/jodid25519-1.0.2.tgz",
      "integrity": "sha1-BtSRIlUJNBlHfUJWM2BuDpB4KWc=",
      "optional": true,
      "requires": {
        "jsbn": "https://registry.npm.taobao.org/jsbn/download/jsbn-0.1.0.tgz"
      }
    },
    "jsbn": {
      "version": "https://registry.npm.taobao.org/jsbn/download/jsbn-0.1.0.tgz",
      "integrity": "sha1-ZQmH2g3XT06/WhE3eiqi0nPpff0=",
      "optional": true
    },
    "json-schema": {
      "version": "https://registry.npm.taobao.org/json-schema/download/json-schema-0.2.2.tgz",
      "integrity": "sha1-UDVPGfYDkXxpX3C4Wvp3w7DyNQY="
    },
    "json-stringify-safe": {
      "version": "https://registry.npmjs.org/json-stringify-safe/-/json-stringify-safe-5.0.1.tgz",
      "integrity": "sha1-Epai1Y/UXxmg9s4B1lcB4sc1tus="
    },
    "jsonpointer": {
      "version": "https://registry.npmjs.org/jsonpointer/-/jsonpointer-2.0.0.tgz",
      "integrity": "sha1-OvHdIP6FRjkQ1GmjheMwF9KgMNk="
    },
    "jsprim": {
      "version": "https://registry.npm.taobao.org/jsprim/download/jsprim-1.2.2.tgz",
      "integrity": "sha1-8gyQaskqvVjjt5rIvHCkiDJRLaE=",
      "requires": {
        "extsprintf": "https://registry.npm.taobao.org/extsprintf/download/extsprintf-1.0.2.tgz",
        "json-schema": "https://registry.npm.taobao.org/json-schema/download/json-schema-0.2.2.tgz",
        "verror": "https://registry.npm.taobao.org/verror/download/verror-1.3.6.tgz"
      }
    },
    "keygrip": {
      "version": "https://registry.npm.taobao.org/keygrip/download/keygrip-1.0.1.tgz",
      "integrity": "sha1-sC+kgW7vIajEs1yp5Skh/8iaMOk="
    },
    "leanengine": {
      "version": "https://registry.npm.taobao.org/leanengine/download/leanengine-0.4.0.tgz",
      "integrity": "sha1-YBP2Nche95QWiW07UvWqYQwWa5U=",
      "requires": {
        "avoscloud-sdk": "https://registry.npm.taobao.org/avoscloud-sdk/download/avoscloud-sdk-0.6.10.tgz",
        "body-parser": "https://registry.npm.taobao.org/body-parser/download/body-parser-1.9.0.tgz",
        "connect": "https://registry.npm.taobao.org/connect/download/connect-3.2.0.tgz",
        "connect-timeout": "https://registry.npm.taobao.org/connect-timeout/download/connect-timeout-1.7.0.tgz",
        "cookies": "https://registry.npm.taobao.org/cookies/download/cookies-0.5.0.tgz",
        "debug": "https://registry.npmjs.org/debug/-/debug-2.0.0.tgz",
        "iconv-lite": "https://registry.npmjs.org/iconv-lite/-/iconv-lite-0.4.8.tgz",
        "on-headers": "https://registry.npmjs.org/on-headers/-/on-headers-1.0.0.tgz"
      },
      "dependencies": {
        "body-parser": {
          "version": "https://registry.npm.taobao.org/body-parser/download/body-parser-1.9.0.tgz",
          "integrity": "sha1-ldcpQ7Gk9n9Wu6yeDcyDe2hwNgU=",
          "requires": {
            "bytes": "https://registry.npmjs.org/bytes/-/bytes-1.0.0.tgz",
            "depd": "https://registry.npmjs.org/depd/-/depd-1.0.1.tgz",
            "iconv-lite": "https://registry.npmjs.org/iconv-lite/-/iconv-lite-0.4.4.tgz",
            "media-typer": "https://registry.npmjs.org/media-typer/-/media-typer-0.3.0.tgz",
            "on-finished": "https://registry.npmjs.org/on-finished/-/on-finished-2.1.0.tgz",
            "qs": "https://registry.npmjs.org/qs/-/qs-2.2.4.tgz",
            "raw-body": "https://registry.npmjs.org/raw-body/-/raw-body-1.3.0.tgz",
            "type-is": "https://registry.npmjs.org/type-is/-/type-is-1.5.7.tgz"
          },
          "dependencies": {
            "iconv-lite": {
              "version": "https://registry.npmjs.org/iconv-lite/-/iconv-lite-0.4.4.tgz",
              "integrity": "sha1-6V8uQdsHNfwhZS94J6XuMuY8g6g="
            }
          }
        },
        "debug": {
          "version": "https://registry.npmjs.org/debug/-/debug-2.0.0.tgz",
          "integrity": "sha1-ib2d9nMrUSVrxnBTQrugLtEhMe8=",
          "requires": {
            "ms": "https://registry.npmjs.org/ms/-/ms-0.6.2.tgz"
          }
        },
        "ee-first": {
          "version": "https://registry.npmjs.org/ee-first/-/ee-first-1.0.5.tgz",
          "integrity": "sha1-jJshKJjYzZ8alDZlDOe+ICyen/A="
        },
        "mime-db": {
          "version": "https://registry.npm.taobao.org/mime-db/download/mime-db-1.12.0.tgz",
          "integrity": "sha1-PQxjGA9FjrENMlqqN9fFiuMS6dc="
        },
        "mime-types": {
          "version": "https://registry.npm.taobao.org/mime-types/download/mime-types-2.0.14.tgz",
          "integrity": "sha1-MQ4VnbI+B3+Lsit0jav6SVcUCqY=",
          "requires": {
            "mime-db": "https://registry.npm.taobao.org/mime-db/download/mime-db-1.12.0.tgz"
          }
        },
        "ms": {
          "version": "https://registry.npmjs.org/ms/-/ms-0.6.2.tgz",
          "integrity": "sha1-2JwhJMb9wTU9Zai3e/GqxLGTcIw="
        },
        "on-finished": {
          "version": "https://registry.npmjs.org/on-finished/-/on-finished-2.1.0.tgz",
          "integrity": "sha1-DFOfCSkej/rd4MiiWFD7LO3HAi0=",
          "requires": {
            "ee-first": "https://registry.npmjs.org/ee-first/-/ee-first-1.0.5.tgz"
          }
        },
        "qs": {
          "version": "https://registry.npmjs.org/qs/-/qs-2.2.4.tgz",
          "integrity": "sha1-Lp+800tUDjQhySTs0B6QqpdTGcg="
        },
        "raw-body": {
          "version": "https://registry.npmjs.org/raw-body/-/raw-body-1.3.0.tgz",
          "integrity": "sha1-l4IwoValVI9C7vFN4i0PT2EAg9E=",
          "requires": {
            "bytes": "https://registry.npmjs.org/bytes/-/bytes-1.0.0.tgz",
            "iconv-lite": "https://registry.npmjs.org/iconv-lite/-/iconv-lite-0.4.4.tgz"
          },
          "dependencies": {
            "iconv-lite": {
              "version": "https://registry.npmjs.org/iconv-lite/-/iconv-lite-0.4.4.tgz",
              "integrity": "sha1-6V8uQdsHNfwhZS94J6XuMuY8g6g="
            }
          }
        },
        "type-is": {
          "version": "https://registry.npmjs.org/type-is/-/type-is-1.5.7.tgz",
          "integrity": "sha1-uTaKWTzG730GReeLL0xky+zQXpA=",
          "requires": {
            "media-typer": "https://registry.npmjs.org/media-typer/-/media-typer-0.3.0.tgz",
            "mime-types": "https://registry.npm.taobao.org/mime-types/download/mime-types-2.0.14.tgz"
          }
        }
      }
    },
    "localStorage": {
      "version": "https://registry.npm.taobao.org/localStorage/download/localStorage-1.0.3.tgz",
      "integrity": "sha1-5riaV7t2ChVqOMyH4PJVD27UE9g="
    },
    "localstorage-memory": {
      "version": "https://registry.npm.taobao.org/localstorage-memory/download/localstorage-memory-1.0.2.tgz",
      "integrity": "sha1-zUqPIQ5V3VGckp9LTMgoKbWPmlE="
    },
    "lodash": {
      "version": "https://registry.npm.taobao.org/lodash/download/lodash-4.11.1.tgz",
      "integrity": "sha1-oyEG644uyOgsJBYRQUdzyd8V+Lw=",
      "dev": true
    },
    "lru-cache": {
      "version": "https://registry.npm.taobao.org/lru-cache/download/lru-cache-4.0.1.tgz",
      "integrity": "sha1-E0OVXtry432bnn7nJB4nxLn7cr4=",
      "requires": {
        "pseudomap": "https://registry.npm.taobao.org/pseudomap/download/pseudomap-1.0.2.tgz",
        "yallist": "https://registry.npm.taobao.org/yallist/download/yallist-2.0.0.tgz"
      }
    },
    "media-typer": {
      "version": "https://registry.npmjs.org/media-typer/-/media-typer-0.3.0.tgz",
      "integrity": "sha1-hxDXrwqmJvj/+hzgAWhUUmMlV0g="
    },
    "merge-descriptors": {
      "version": "https://registry.npmjs.org/merge-descriptors/-/merge-descriptors-1.0.0.tgz",
      "integrity": "sha1-IWnPdTjhsMyH+4jhUC2EdLv3mGQ="
    },
    "methods": {
      "version": "https://registry.npm.taobao.org/methods/download/methods-1.1.2.tgz",
      "integrity": "sha1-VSmk1nZUE07cxSZmVoNbD4Ua/O4="
    },
    "mime": {
      "version": "https://registry.npmjs.org/mime/-/mime-1.3.4.tgz",
      "integrity": "sha1-EV+eO2s9rylZmDyzjxSaLUDrXVM="
    },
    "mime-db": {
      "version": "https://registry.npm.taobao.org/mime-db/download/mime-db-1.22.0.tgz",
      "integrity": "sha1-qyOmNy3J2G09yRIb0OvTgQWhkEo="
    },
    "mime-types": {
      "version": "https://registry.npm.taobao.org/mime-types/download/mime-types-2.1.10.tgz",
      "integrity": "sha1-uTx8tDYuFtQQcqflRTj7TUMHCDc=",
      "requires": {
        "mime-db": "https://registry.npm.taobao.org/mime-db/download/mime-db-1.22.0.tgz"
      }
    },
    "ms": {
      "version": "https://registry.npmjs.org/ms/-/ms-0.7.0.tgz",
      "integrity": "sha1-hlvpTC5zl62KV9pqYzpuLzB5i4M="
    },
    "negotiator": {
      "version": "https://registry.npmjs.org/negotiator/-/negotiator-0.5.3.tgz",
      "integrity": "sha1-Jp1cR2gQ7JLtvntsLygxY4T5p+g="
    },
    "node-uuid": {
      "version": "https://registry.npm.taobao.org/node-uuid/download/node-uuid-1.4.7.tgz",
      "integrity": "sha1-baWhdmjEs91ZYjvaEc9/pMH2Cm8="
    },
    "oauth-sign": {
      "version": "https://registry.npm.taobao.org/oauth-sign/download/oauth-sign-0.8.1.tgz",
      "integrity": "sha1-GCQ5vbkTeL90YOdcZOpD5kSN7wY="
    },
    "on-finished": {
      "version": "https://registry.npm.taobao.org/on-finished/download/on-finished-2.2.1.tgz",
      "integrity": "sha1-XIXBzDYpn3gCllP2Z/J7a5nrwCk=",
      "requires": {
        "ee-first": "https://registry.npmjs.org/ee-first/-/ee-first-1.1.0.tgz"
      }
    },
    "on-headers": {
      "version": "https://registry.npmjs.org/on-headers/-/on-headers-1.0.0.tgz",
      "integrity": "sha1-LHW12kN1UT0BYcYFLn/L5JU/yl0="
    },
    "parseurl": {
      "version": "https://registry.npm.taobao.org/parseurl/download/parseurl-1.3.1.tgz",
      "integrity": "sha1-yKuMkiO6NIiKpkopeyiFO+wY2lY="
    },
    "path-to-regexp": {
      "version": "https://registry.npmjs.org/path-to-regexp/-/path-to-regexp-0.1.3.tgz",
      "integrity": "sha1-IbmrgidCed4lsVbqCP0SylG4rss="
    },
    "pause-stream": {
      "version": "0.0.11",
      "resolved": "https://registry.npmjs.org/pause-stream/-/pause-stream-0.0.11.tgz",
      "integrity": "sha1-/lo0sMvOErWqaitAPuLnO2AvFEU=",
      "requires": {
        "through": "2.3.8"
      }
    },
    "pinkie": {
      "version": "https://registry.npm.taobao.org/pinkie/download/pinkie-2.0.4.tgz",
      "integrity": "sha1-clVrgM+g1IqXToDnckjoDtT3+HA="
    },
    "pinkie-promise": {
      "version": "https://registry.npm.taobao.org/pinkie-promise/download/pinkie-promise-2.0.1.tgz",
      "integrity": "sha1-ITXW36ejWMBprJsXh3YogihFD/o=",
      "requires": {
        "pinkie": "https://registry.npm.taobao.org/pinkie/download/pinkie-2.0.4.tgz"
      }
    },
    "process-nextick-args": {
      "version": "https://registry.npm.taobao.org/process-nextick-args/download/process-nextick-args-1.0.6.tgz",
      "integrity": "sha1-D5awAc6pCxJZLOVm7bl+wR5pvQU="
    },
    "proxy-addr": {
      "version": "https://registry.npm.taobao.org/proxy-addr/download/proxy-addr-1.0.10.tgz",
      "integrity": "sha1-DUCoL4Afw1VWfS7LZe/j8HfxIcU=",
      "requires": {
        "forwarded": "https://registry.npmjs.org/forwarded/-/forwarded-0.1.0.tgz",
        "ipaddr.js": "https://registry.npm.taobao.org/ipaddr.js/download/ipaddr.js-1.0.5.tgz"
      }
    },
    "pseudomap": {
      "version": "https://registry.npm.taobao.org/pseudomap/download/pseudomap-1.0.2.tgz",
      "integrity": "sha1-8FKijacOYYkX7wqKw0wa5aaChrM="
    },
    "qiniu": {
      "version": "https://registry.npm.taobao.org/qiniu/download/qiniu-6.1.3.tgz",
      "integrity": "sha1-i1D48a+ejDXPEIKca/DGtu9EG3E=",
      "requires": {
        "crc32": "https://registry.npm.taobao.org/crc32/download/crc32-0.2.2.tgz",
        "formstream": "0.0.7",
        "mime": "https://registry.npm.taobao.org/mime/download/mime-1.2.9.tgz",
        "urllib": "https://registry.npm.taobao.org/urllib/download/urllib-0.5.1.tgz"
      },
      "dependencies": {
        "formstream": {
          "version": "0.0.7",
          "resolved": "https://registry.npmjs.org/formstream/-/formstream-0.0.7.tgz",
          "integrity": "sha1-mB0ANnQ1lsVIIO49+0S6yhg0l4g=",
          "requires": {
            "buffer-concat": "https://registry.npm.taobao.org/buffer-concat/download/buffer-concat-0.0.1.tgz",
            "mime": "https://registry.npm.taobao.org/mime/download/mime-1.2.9.tgz",
            "pause-stream": "0.0.11"
          }
        },
        "mime": {
          "version": "https://registry.npm.taobao.org/mime/download/mime-1.2.9.tgz",
          "integrity": "sha1-AJzUCGe9Nd5SGzuWbwTi+NTRPQk="
        }
      }
    },
    "qs": {
      "version": "https://registry.npmjs.org/qs/-/qs-2.4.1.tgz",
      "integrity": "sha1-aMuuqXEBNCaoDBQE+taxprEXUkU="
    },
    "range-parser": {
      "version": "https://registry.npmjs.org/range-parser/-/range-parser-1.0.3.tgz",
      "integrity": "sha1-aHKCNTXGkuLCoBA4Jq/YLC4P8XU="
    },
    "raw-body": {
      "version": "https://registry.npm.taobao.org/raw-body/download/raw-body-1.3.4.tgz",
      "integrity": "sha1-zMfd/Ea3KGHN1btDPIQLcLbyf1Q=",
      "requires": {
        "bytes": "https://registry.npmjs.org/bytes/-/bytes-1.0.0.tgz",
        "iconv-lite": "https://registry.npmjs.org/iconv-lite/-/iconv-lite-0.4.8.tgz"
      }
    },
    "readable-stream": {
      "version": "https://registry.npm.taobao.org/readable-stream/download/readable-stream-2.0.6.tgz",
      "integrity": "sha1-j5A0HmilPMySh4jaz80Rs265t44=",
      "requires": {
        "core-util-is": "https://registry.npm.taobao.org/core-util-is/download/core-util-is-1.0.2.tgz",
        "inherits": "https://registry.npmjs.org/inherits/-/inherits-2.0.1.tgz",
        "isarray": "https://registry.npm.taobao.org/isarray/download/isarray-1.0.0.tgz",
        "process-nextick-args": "https://registry.npm.taobao.org/process-nextick-args/download/process-nextick-args-1.0.6.tgz",
        "string_decoder": "https://registry.npmjs.org/string_decoder/-/string_decoder-0.10.31.tgz",
        "util-deprecate": "https://registry.npmjs.org/util-deprecate/-/util-deprecate-1.0.2.tgz"
      }
    },
    "request": {
      "version": "https://registry.npm.taobao.org/request/download/request-2.71.0.tgz",
      "integrity": "sha1-bxRkPJxaZ8ruapXPjvBHfVYDvZE=",
      "requires": {
        "aws-sign2": "https://registry.npmjs.org/aws-sign2/-/aws-sign2-0.6.0.tgz",
        "aws4": "https://registry.npm.taobao.org/aws4/download/aws4-1.3.2.tgz",
        "bl": "https://registry.npm.taobao.org/bl/download/bl-1.1.2.tgz",
        "caseless": "https://registry.npmjs.org/caseless/-/caseless-0.11.0.tgz",
        "combined-stream": "https://registry.npmjs.org/combined-stream/-/combined-stream-1.0.5.tgz",
        "extend": "https://registry.npmjs.org/extend/-/extend-3.0.0.tgz",
        "forever-agent": "https://registry.npmjs.org/forever-agent/-/forever-agent-0.6.1.tgz",
        "form-data": "https://registry.npm.taobao.org/form-data/download/form-data-1.0.0-rc4.tgz",
        "har-validator": "https://registry.npm.taobao.org/har-validator/download/har-validator-2.0.6.tgz",
        "hawk": "https://registry.npm.taobao.org/hawk/download/hawk-3.1.3.tgz",
        "http-signature": "https://registry.npm.taobao.org/http-signature/download/http-signature-1.1.1.tgz",
        "is-typedarray": "https://registry.npm.taobao.org/is-typedarray/download/is-typedarray-1.0.0.tgz",
        "isstream": "https://registry.npmjs.org/isstream/-/isstream-0.1.2.tgz",
        "json-stringify-safe": "https://registry.npmjs.org/json-stringify-safe/-/json-stringify-safe-5.0.1.tgz",
        "mime-types": "https://registry.npm.taobao.org/mime-types/download/mime-types-2.1.10.tgz",
        "node-uuid": "https://registry.npm.taobao.org/node-uuid/download/node-uuid-1.4.7.tgz",
        "oauth-sign": "https://registry.npm.taobao.org/oauth-sign/download/oauth-sign-0.8.1.tgz",
        "qs": "https://registry.npm.taobao.org/qs/download/qs-6.1.0.tgz",
        "stringstream": "https://registry.npmjs.org/stringstream/-/stringstream-0.0.5.tgz",
        "tough-cookie": "https://registry.npm.taobao.org/tough-cookie/download/tough-cookie-2.2.2.tgz",
        "tunnel-agent": "https://registry.npm.taobao.org/tunnel-agent/download/tunnel-agent-0.4.2.tgz"
      },
      "dependencies": {
        "qs": {
          "version": "https://registry.npm.taobao.org/qs/download/qs-6.1.0.tgz",
          "integrity": "sha1-7B0WJrJCeNmfD99FSeUk4k7O6yY="
        }
      }
    },
    "sax": {
      "version": "https://registry.npm.taobao.org/sax/download/sax-1.2.1.tgz",
      "integrity": "sha1-e45lYZCyKOgaZq6nSEgNgozS03o=",
      "dev": true
    },
    "send": {
      "version": "https://registry.npmjs.org/send/-/send-0.12.2.tgz",
      "integrity": "sha1-umeF5Hq0GqA1i52kAasi/w9Y6rY=",
      "requires": {
        "debug": "https://registry.npmjs.org/debug/-/debug-2.1.3.tgz",
        "depd": "https://registry.npmjs.org/depd/-/depd-1.0.1.tgz",
        "destroy": "https://registry.npmjs.org/destroy/-/destroy-1.0.3.tgz",
        "escape-html": "https://registry.npmjs.org/escape-html/-/escape-html-1.0.1.tgz",
        "etag": "https://registry.npmjs.org/etag/-/etag-1.5.1.tgz",
        "fresh": "https://registry.npmjs.org/fresh/-/fresh-0.2.4.tgz",
        "mime": "https://registry.npmjs.org/mime/-/mime-1.3.4.tgz",
        "ms": "https://registry.npmjs.org/ms/-/ms-0.7.0.tgz",
        "on-finished": "https://registry.npm.taobao.org/on-finished/download/on-finished-2.2.1.tgz",
        "range-parser": "https://registry.npmjs.org/range-parser/-/range-parser-1.0.3.tgz"
      }
    },
    "serve-static": {
      "version": "https://registry.npm.taobao.org/serve-static/download/serve-static-1.9.3.tgz",
      "integrity": "sha1-X42gcyOtOF/z3FQfGnkXsuQ261c=",
      "requires": {
        "escape-html": "https://registry.npmjs.org/escape-html/-/escape-html-1.0.1.tgz",
        "parseurl": "https://registry.npm.taobao.org/parseurl/download/parseurl-1.3.1.tgz",
        "send": "https://registry.npm.taobao.org/send/download/send-0.12.3.tgz",
        "utils-merge": "https://registry.npmjs.org/utils-merge/-/utils-merge-1.0.0.tgz"
      },
      "dependencies": {
        "debug": {
          "version": "https://registry.npmjs.org/debug/-/debug-2.2.0.tgz",
          "integrity": "sha1-+HBX6ZWxofauaklgZkE3vFbwOdo=",
          "requires": {
            "ms": "https://registry.npmjs.org/ms/-/ms-0.7.1.tgz"
          }
        },
        "etag": {
          "version": "https://registry.npm.taobao.org/etag/download/etag-1.6.0.tgz",
          "integrity": "sha1-i8ssavElTEgd/IuZfJBu9ORCwgc=",
          "requires": {
            "crc": "https://registry.npmjs.org/crc/-/crc-3.2.1.tgz"
          }
        },
        "ms": {
          "version": "https://registry.npmjs.org/ms/-/ms-0.7.1.tgz",
          "integrity": "sha1-nNE8A62/8ltl7/3nzoZO6VIBcJg="
        },
        "send": {
          "version": "https://registry.npm.taobao.org/send/download/send-0.12.3.tgz",
          "integrity": "sha1-zRLcWP3iHk+RkCs5sv2gWnptm9w=",
          "requires": {
            "debug": "https://registry.npmjs.org/debug/-/debug-2.2.0.tgz",
            "depd": "https://registry.npmjs.org/depd/-/depd-1.0.1.tgz",
            "destroy": "https://registry.npmjs.org/destroy/-/destroy-1.0.3.tgz",
            "escape-html": "https://registry.npmjs.org/escape-html/-/escape-html-1.0.1.tgz",
            "etag": "https://registry.npm.taobao.org/etag/download/etag-1.6.0.tgz",
            "fresh": "https://registry.npmjs.org/fresh/-/fresh-0.2.4.tgz",
            "mime": "https://registry.npmjs.org/mime/-/mime-1.3.4.tgz",
            "ms": "https://registry.npmjs.org/ms/-/ms-0.7.1.tgz",
            "on-finished": "https://registry.npm.taobao.org/on-finished/download/on-finished-2.2.1.tgz",
            "range-parser": "https://registry.npmjs.org/range-parser/-/range-parser-1.0.3.tgz"
          }
        }
      }
    },
    "sha1": {
      "version": "https://registry.npm.taobao.org/sha1/download/sha1-1.1.1.tgz",
      "integrity": "sha1-rdqnqTFo85PxnrKxUJFhjicA+Eg=",
      "dev": true,
      "requires": {
        "charenc": "https://registry.npmjs.org/charenc/-/charenc-0.0.1.tgz",
        "crypt": "https://registry.npmjs.org/crypt/-/crypt-0.0.1.tgz"
      }
    },
    "sntp": {
      "version": "https://registry.npmjs.org/sntp/-/sntp-1.0.9.tgz",
      "integrity": "sha1-ZUEYTMkK7qbG57NeJlkIJEPGYZg=",
      "requires": {
        "hoek": "https://registry.npmjs.org/hoek/-/hoek-2.16.3.tgz"
      }
    },
    "sshpk": {
      "version": "https://registry.npm.taobao.org/sshpk/download/sshpk-1.7.4.tgz",
      "integrity": "sha1-rXtH3vymHIQV2WQkO2KwzmD7yjg=",
      "requires": {
        "asn1": "https://registry.npm.taobao.org/asn1/download/asn1-0.2.3.tgz",
        "assert-plus": "https://registry.npm.taobao.org/assert-plus/download/assert-plus-0.2.0.tgz",
        "dashdash": "https://registry.npm.taobao.org/dashdash/download/dashdash-1.13.0.tgz",
        "ecc-jsbn": "https://registry.npm.taobao.org/ecc-jsbn/download/ecc-jsbn-0.1.1.tgz",
        "jodid25519": "https://registry.npm.taobao.org/jodid25519/download/jodid25519-1.0.2.tgz",
        "jsbn": "https://registry.npm.taobao.org/jsbn/download/jsbn-0.1.0.tgz",
        "tweetnacl": "https://registry.npm.taobao.org/tweetnacl/download/tweetnacl-0.14.3.tgz"
      }
    },
    "statuses": {
      "version": "https://registry.npmjs.org/statuses/-/statuses-1.2.1.tgz",
      "integrity": "sha1-3e1FzBglbVHtQK7BQkidXGECbSg="
    },
    "string_decoder": {
      "version": "https://registry.npmjs.org/string_decoder/-/string_decoder-0.10.31.tgz",
      "integrity": "sha1-YuIDvEF2bGwoyfyEMB2rHFMQ+pQ="
    },
    "stringstream": {
      "version": "https://registry.npmjs.org/stringstream/-/stringstream-0.0.5.tgz",
      "integrity": "sha1-TkhM1N5aC7vuGORjB3EKioFiGHg="
    },
    "strip-ansi": {
      "version": "https://registry.npm.taobao.org/strip-ansi/download/strip-ansi-3.0.1.tgz",
      "integrity": "sha1-ajhfuIU9lS1f8F0Oiq+UJ43GPc8=",
      "requires": {
        "ansi-regex": "https://registry.npmjs.org/ansi-regex/-/ansi-regex-2.0.0.tgz"
      }
    },
    "supports-color": {
      "version": "https://registry.npmjs.org/supports-color/-/supports-color-2.0.0.tgz",
      "integrity": "sha1-U10EXOa2Nj+kARcIRimZXp3zJMc="
    },
    "through": {
      "version": "2.3.8",
      "resolved": "https://registry.npmjs.org/through/-/through-2.3.8.tgz",
      "integrity": "sha1-DdTJ/6q8NXlgsbckEV1+Doai4fU="
    },
    "tough-cookie": {
      "version": "https://registry.npm.taobao.org/tough-cookie/download/tough-cookie-2.2.2.tgz",
      "integrity": "sha1-yDoYMPTl7wuT7yo0iOck+N4Basc="
    },
    "tunnel-agent": {
      "version": "https://registry.npm.taobao.org/tunnel-agent/download/tunnel-agent-0.4.2.tgz",
      "integrity": "sha1-EQTj82rIcSXChycAZ9WC0YEzv+4="
    },
    "tweetnacl": {
      "version": "https://registry.npm.taobao.org/tweetnacl/download/tweetnacl-0.14.3.tgz",
      "integrity": "sha1-PaOC9nDyXe1417PReSEZvKC3Ey0=",
      "optional": true
    },
    "type-is": {
      "version": "https://registry.npm.taobao.org/type-is/download/type-is-1.6.12.tgz",
      "integrity": "sha1-A1Kp37//BA/maMwVPMlYKcNUFz4=",
      "requires": {
        "media-typer": "https://registry.npmjs.org/media-typer/-/media-typer-0.3.0.tgz",
        "mime-types": "https://registry.npm.taobao.org/mime-types/download/mime-types-2.1.10.tgz"
      }
    },
    "underscore": {
      "version": "https://registry.npmjs.org/underscore/-/underscore-1.8.3.tgz",
      "integrity": "sha1-Tz+1OxBuYJf8+ctBCfKl6b36UCI="
    },
    "urllib": {
      "version": "https://registry.npm.taobao.org/urllib/download/urllib-0.5.1.tgz",
      "integrity": "sha1-niVrK3A9/gpZY3yw27QwjtVxlxs=",
      "requires": {
        "buffer-concat": "https://registry.npm.taobao.org/buffer-concat/download/buffer-concat-0.0.1.tgz",
        "debug": "https://registry.npm.taobao.org/debug/download/debug-0.7.2.tgz"
      },
      "dependencies": {
        "debug": {
          "version": "https://registry.npm.taobao.org/debug/download/debug-0.7.2.tgz",
          "integrity": "sha1-BWaSyGZwl38RXegpF5GLjouaEPA="
        }
      }
    },
    "util-deprecate": {
      "version": "https://registry.npmjs.org/util-deprecate/-/util-deprecate-1.0.2.tgz",
      "integrity": "sha1-RQ1Nyfpw3nMnYvvS1KKJgUGaDM8="
    },
    "utils-merge": {
      "version": "https://registry.npmjs.org/utils-merge/-/utils-merge-1.0.0.tgz",
      "integrity": "sha1-ApT7kiu5N1FTVBxPcJYjHyh8ivg="
    },
    "vary": {
      "version": "https://registry.npmjs.org/vary/-/vary-1.0.1.tgz",
      "integrity": "sha1-meSYFWaihhGN+yuBc1ffeZM3bRA="
    },
    "verror": {
      "version": "https://registry.npm.taobao.org/verror/download/verror-1.3.6.tgz",
      "integrity": "sha1-z/XfEpRtKX0rqu+qJoniW+AcAFw=",
      "requires": {
        "extsprintf": "https://registry.npm.taobao.org/extsprintf/download/extsprintf-1.0.2.tgz"
      }
    },
    "xml2js": {
      "version": "https://registry.npm.taobao.org/xml2js/download/xml2js-0.4.16.tgz",
      "integrity": "sha1-+C/M0vlUDX4Km12sFj50cRlcnbM=",
      "dev": true,
      "requires": {
        "sax": "https://registry.npm.taobao.org/sax/download/sax-1.2.1.tgz",
        "xmlbuilder": "https://registry.npm.taobao.org/xmlbuilder/download/xmlbuilder-4.2.1.tgz"
      }
    },
    "xmlbuilder": {
      "version": "https://registry.npm.taobao.org/xmlbuilder/download/xmlbuilder-4.2.1.tgz",
      "integrity": "sha1-qlijBBoGb5DqoWwvU4n/GfP0YaU=",
      "dev": true,
      "requires": {
        "lodash": "https://registry.npm.taobao.org/lodash/download/lodash-4.11.1.tgz"
      }
    },
    "xmlhttprequest": {
      "version": "https://registry.npm.taobao.org/xmlhttprequest/download/xmlhttprequest-1.6.0.tgz",
      "integrity": "sha1-ST0oX1kmb9y41P79JTRae2k8lmw="
    },
    "xtend": {
      "version": "https://registry.npmjs.org/xtend/-/xtend-4.0.1.tgz",
      "integrity": "sha1-pcbVMr5lbiPbgg77lDofBJmNY68="
    },
    "yallist": {
      "version": "https://registry.npm.taobao.org/yallist/download/yallist-2.0.0.tgz",
      "integrity": "sha1-MGxUODXwnuGkyyO3vOmrNByRzdQ="
    }
  }
}
